
Microsoft Visual Studio Solution File, Format Version 12.00
# Visual Studio 14
VisualStudioVersion = 14.0.25420.1
MinimumVisualStudioVersion = 10.0.40219.1
Project("{FAE04EC0-301F-11D3-BF4B-00C04F79EFBC}") = "fuhedaoxian001", "fuhedaoxian001\fuhedaoxian001.csproj", "{C409C1E8-C45A-4087-A491-F4ED95CC1E17}"
EndProject
Project("{FAE04EC0-301F-11D3-BF4B-00C04F79EFBC}") = "jiemian_and_data", "jiemian_and_data\jiemian_and_data.csproj", "{7D41FE73-5EAE-46FF-9940-1DF092C30E43}"
EndProject
Global
	GlobalSection(SolutionConfigurationPlatforms) = preSolution
		Debug|Any CPU = Debug|Any CPU
		Release|Any CPU = Release|Any CPU
	EndGlobalSection
	GlobalSection(ProjectConfigurationPlatforms) = postSolution
		{C409C1E8-C45A-4087-A491-F4ED95CC1E17}.Debug|Any CPU.ActiveCfg = Debug|Any CPU
		{C409C1E8-C45A-4087-A491-F4ED95CC1E17}.Debug|Any CPU.Build.0 = Debug|Any CPU
		{C409C1E8-C45A-4087-A491-F4ED95CC1E17}.Release|Any CPU.ActiveCfg = Release|Any CPU
		{C409C1E8-C45A-4087-A491-F4ED95CC1E17}.Release|Any CPU.Build.0 = Release|Any CPU
		{7D41FE73-5EAE-46FF-9940-1DF092C30E43}.Debug|Any CPU.ActiveCfg = Debug|Any CPU
		{7D41FE73-5EAE-46FF-9940-1DF092C30E43}.Debug|Any CPU.Build.0 = Debug|Any CPU
		{7D41FE73-5EAE-46FF-9940-1DF092C30E43}.Release|Any CPU.ActiveCfg = Release|Any CPU
		{7D41FE73-5EAE-46FF-9940-1DF092C30E43}.Release|Any CPU.Build.0 = Release|Any CPU
	EndGlobalSection
	GlobalSection(SolutionProperties) = preSolution
		HideSolutionNode = FALSE
	EndGlobalSection
EndGlobal
